
Microsoft Visual Studio Solution File, Format Version 12.00
# Visual Studio Version 17
VisualStudioVersion = 17.0.31903.59
MinimumVisualStudioVersion = 10.0.40219.1
Project("{9A19103F-16F7-4668-BE54-9A1E7A4F7556}") = "API", "API\API.csproj", "{8770A7CE-8CDE-4D6C-BE5B-31A595D210BF}"
EndProject
Project("{9A19103F-16F7-4668-BE54-9A1E7A4F7556}") = "Core", "Core\Core.csproj", "{7BE8A330-8395-4741-8A9D-997FC1C347D8}"
EndProject
Project("{9A19103F-16F7-4668-BE54-9A1E7A4F7556}") = "Infrastructure", "Infrastructure\Infrastructure.csproj", "{DBEC65CA-F409-45B0-9A8F-AA18DC17D0A0}"
EndProject
Global
	GlobalSection(SolutionConfigurationPlatforms) = preSolution
		Debug|Any CPU = Debug|Any CPU
		Release|Any CPU = Release|Any CPU
	EndGlobalSection
	GlobalSection(ProjectConfigurationPlatforms) = postSolution
		{8770A7CE-8CDE-4D6C-BE5B-31A595D210BF}.Debug|Any CPU.ActiveCfg = Debug|Any CPU
		{8770A7CE-8CDE-4D6C-BE5B-31A595D210BF}.Debug|Any CPU.Build.0 = Debug|Any CPU
		{8770A7CE-8CDE-4D6C-BE5B-31A595D210BF}.Release|Any CPU.ActiveCfg = Release|Any CPU
		{8770A7CE-8CDE-4D6C-BE5B-31A595D210BF}.Release|Any CPU.Build.0 = Release|Any CPU
		{7BE8A330-8395-4741-8A9D-997FC1C347D8}.Debug|Any CPU.ActiveCfg = Debug|Any CPU
		{7BE8A330-8395-4741-8A9D-997FC1C347D8}.Debug|Any CPU.Build.0 = Debug|Any CPU
		{7BE8A330-8395-4741-8A9D-997FC1C347D8}.Release|Any CPU.ActiveCfg = Release|Any CPU
		{7BE8A330-8395-4741-8A9D-997FC1C347D8}.Release|Any CPU.Build.0 = Release|Any CPU
		{DBEC65CA-F409-45B0-9A8F-AA18DC17D0A0}.Debug|Any CPU.ActiveCfg = Debug|Any CPU
		{DBEC65CA-F409-45B0-9A8F-AA18DC17D0A0}.Debug|Any CPU.Build.0 = Debug|Any CPU
		{DBEC65CA-F409-45B0-9A8F-AA18DC17D0A0}.Release|Any CPU.ActiveCfg = Release|Any CPU
		{DBEC65CA-F409-45B0-9A8F-AA18DC17D0A0}.Release|Any CPU.Build.0 = Release|Any CPU
	EndGlobalSection
	GlobalSection(SolutionProperties) = preSolution
		HideSolutionNode = FALSE
	EndGlobalSection
	GlobalSection(ExtensibilityGlobals) = postSolution
		SolutionGuid = {32F924B1-44B5-4C6D-826B-E9271B761CFD}
	EndGlobalSection
EndGlobal
